
Microsoft Visual Studio Solution File, Format Version 12.00
# Visual Studio Version 16
VisualStudioVersion = 16.0.32126.315
MinimumVisualStudioVersion = 10.0.40219.1
Project("{9A19103F-16F7-4668-BE54-9A1E7A4F7556}") = "APICatalogo", "APICatalogo\APICatalogo.csproj", "{55592457-0E39-405B-B317-DB5A17B558DE}"
EndProject
Project("{9A19103F-16F7-4668-BE54-9A1E7A4F7556}") = "APICatalogoXUnitTests", "APICatalogoXUnitTests\APICatalogoXUnitTests.csproj", "{79C642FF-AC70-4F91-970E-F59EC4044F7B}"
EndProject
Project("{FAE04EC0-301F-11D3-BF4B-00C04F79EFBC}") = "WebClientProdutos", "Consumindo_WebApi_Produtos\WebClientProdutos.csproj", "{91B86CF1-4294-4229-B540-37F1063337A7}"
EndProject
Global
	GlobalSection(SolutionConfigurationPlatforms) = preSolution
		Debug|Any CPU = Debug|Any CPU
		Release|Any CPU = Release|Any CPU
	EndGlobalSection
	GlobalSection(ProjectConfigurationPlatforms) = postSolution
		{55592457-0E39-405B-B317-DB5A17B558DE}.Debug|Any CPU.ActiveCfg = Debug|Any CPU
		{55592457-0E39-405B-B317-DB5A17B558DE}.Debug|Any CPU.Build.0 = Debug|Any CPU
		{55592457-0E39-405B-B317-DB5A17B558DE}.Release|Any CPU.ActiveCfg = Release|Any CPU
		{55592457-0E39-405B-B317-DB5A17B558DE}.Release|Any CPU.Build.0 = Release|Any CPU
		{79C642FF-AC70-4F91-970E-F59EC4044F7B}.Debug|Any CPU.ActiveCfg = Debug|Any CPU
		{79C642FF-AC70-4F91-970E-F59EC4044F7B}.Debug|Any CPU.Build.0 = Debug|Any CPU
		{79C642FF-AC70-4F91-970E-F59EC4044F7B}.Release|Any CPU.ActiveCfg = Release|Any CPU
		{79C642FF-AC70-4F91-970E-F59EC4044F7B}.Release|Any CPU.Build.0 = Release|Any CPU
		{91B86CF1-4294-4229-B540-37F1063337A7}.Debug|Any CPU.ActiveCfg = Debug|Any CPU
		{91B86CF1-4294-4229-B540-37F1063337A7}.Debug|Any CPU.Build.0 = Debug|Any CPU
		{91B86CF1-4294-4229-B540-37F1063337A7}.Release|Any CPU.ActiveCfg = Release|Any CPU
		{91B86CF1-4294-4229-B540-37F1063337A7}.Release|Any CPU.Build.0 = Release|Any CPU
	EndGlobalSection
	GlobalSection(SolutionProperties) = preSolution
		HideSolutionNode = FALSE
	EndGlobalSection
	GlobalSection(ExtensibilityGlobals) = postSolution
		SolutionGuid = {0CDA7A0A-DF24-4BAD-BF37-4574E3638711}
	EndGlobalSection
EndGlobal
